
Microsoft Visual Studio Solution File, Format Version 12.00
# Visual Studio Version 17
VisualStudioVersion = 17.14.36511.14 d17.14
MinimumVisualStudioVersion = 10.0.40219.1
Project("{FAE04EC0-301F-11D3-BF4B-00C04F79EFBC}") = "ImageProcessing", "ImageProcessing\ImageProcessing.csproj", "{BEEA66F3-B873-4391-A2B1-18920D519998}"
EndProject
Global
	GlobalSection(SolutionConfigurationPlatforms) = preSolution
		Debug|Any CPU = Debug|Any CPU
		Release|Any CPU = Release|Any CPU
	EndGlobalSection
	GlobalSection(ProjectConfigurationPlatforms) = postSolution
		{BEEA66F3-B873-4391-A2B1-18920D519998}.Debug|Any CPU.ActiveCfg = Debug|Any CPU
		{BEEA66F3-B873-4391-A2B1-18920D519998}.Debug|Any CPU.Build.0 = Debug|Any CPU
		{BEEA66F3-B873-4391-A2B1-18920D519998}.Release|Any CPU.ActiveCfg = Release|Any CPU
		{BEEA66F3-B873-4391-A2B1-18920D519998}.Release|Any CPU.Build.0 = Release|Any CPU
	EndGlobalSection
	GlobalSection(SolutionProperties) = preSolution
		HideSolutionNode = FALSE
	EndGlobalSection
	GlobalSection(ExtensibilityGlobals) = postSolution
		SolutionGuid = {23437635-53A6-4B0F-9E34-D7998A076966}
	EndGlobalSection
EndGlobal
